// !$*UTF8*$!
{
	archiveVersion = 1;
	classes = {
	};
	objectVersion = 48;
	objects = {

/* Begin PBXBuildFile section */
		8D802C9B72C0079CE43A2DDA /* Pods_TwitterClientTests.framework in Frameworks */ = {isa = PBXBuildFile; fileRef = F44BB59E3D818C9C2C128345 /* Pods_TwitterClientTests.framework */; };
		E78952F286B2B4B065563868 /* Pods_TwitterClient.framework in Frameworks */ = {isa = PBXBuildFile; fileRef = 53D05EE135E7DF8779FEF3BB /* Pods_TwitterClient.framework */; };
		F4040B022019E87600F92926 /* SafariServices.framework in Frameworks */ = {isa = PBXBuildFile; fileRef = F4040B012019E87600F92926 /* SafariServices.framework */; };
		F4040B04201A053800F92926 /* TwitterHandler.swift in Sources */ = {isa = PBXBuildFile; fileRef = F4040B03201A053800F92926 /* TwitterHandler.swift */; };
		F4040B05201A053800F92926 /* TwitterHandler.swift in Sources */ = {isa = PBXBuildFile; fileRef = F4040B03201A053800F92926 /* TwitterHandler.swift */; };
		F4040B09201A0C6000F92926 /* TwitterTabsViewController.swift in Sources */ = {isa = PBXBuildFile; fileRef = F4040B08201A0C6000F92926 /* TwitterTabsViewController.swift */; };
		F4040B0A201A0C6000F92926 /* TwitterTabsViewController.swift in Sources */ = {isa = PBXBuildFile; fileRef = F4040B08201A0C6000F92926 /* TwitterTabsViewController.swift */; };
		F4040B0E201A100E00F92926 /* FollowersListViewController.swift in Sources */ = {isa = PBXBuildFile; fileRef = F4040B0D201A100E00F92926 /* FollowersListViewController.swift */; };
		F4040B0F201A100E00F92926 /* FollowersListViewController.swift in Sources */ = {isa = PBXBuildFile; fileRef = F4040B0D201A100E00F92926 /* FollowersListViewController.swift */; };
		F4040B12201A1ED700F92926 /* FollowersModel.swift in Sources */ = {isa = PBXBuildFile; fileRef = F4040B11201A1ED700F92926 /* FollowersModel.swift */; };
		F4040B13201A1ED700F92926 /* FollowersModel.swift in Sources */ = {isa = PBXBuildFile; fileRef = F4040B11201A1ED700F92926 /* FollowersModel.swift */; };
		F4040B15201A246800F92926 /* FollowersListModel.swift in Sources */ = {isa = PBXBuildFile; fileRef = F4040B14201A246800F92926 /* FollowersListModel.swift */; };
		F4040B16201A246800F92926 /* FollowersListModel.swift in Sources */ = {isa = PBXBuildFile; fileRef = F4040B14201A246800F92926 /* FollowersListModel.swift */; };
		F4040B18201A278800F92926 /* FollowersListPresenter.swift in Sources */ = {isa = PBXBuildFile; fileRef = F4040B17201A278800F92926 /* FollowersListPresenter.swift */; };
		F4040B19201A278800F92926 /* FollowersListPresenter.swift in Sources */ = {isa = PBXBuildFile; fileRef = F4040B17201A278800F92926 /* FollowersListPresenter.swift */; };
		F4040B1B201A279500F92926 /* FollowersListService.swift in Sources */ = {isa = PBXBuildFile; fileRef = F4040B1A201A279500F92926 /* FollowersListService.swift */; };
		F4040B1C201A279500F92926 /* FollowersListService.swift in Sources */ = {isa = PBXBuildFile; fileRef = F4040B1A201A279500F92926 /* FollowersListService.swift */; };
		F4040B1E201A838F00F92926 /* FollowerTableViewCell.swift in Sources */ = {isa = PBXBuildFile; fileRef = F4040B1D201A838F00F92926 /* FollowerTableViewCell.swift */; };
		F4040B1F201A838F00F92926 /* FollowerTableViewCell.swift in Sources */ = {isa = PBXBuildFile; fileRef = F4040B1D201A838F00F92926 /* FollowerTableViewCell.swift */; };
		F4FD926E2019104800F0DF29 /* AppDelegate.swift in Sources */ = {isa = PBXBuildFile; fileRef = F4FD926D2019104800F0DF29 /* AppDelegate.swift */; };
		F4FD92752019104800F0DF29 /* Assets.xcassets in Resources */ = {isa = PBXBuildFile; fileRef = F4FD92742019104800F0DF29 /* Assets.xcassets */; };
		F4FD92782019104800F0DF29 /* LaunchScreen.storyboard in Resources */ = {isa = PBXBuildFile; fileRef = F4FD92762019104800F0DF29 /* LaunchScreen.storyboard */; };
		F4FD92832019104900F0DF29 /* TwitterClientTests.swift in Sources */ = {isa = PBXBuildFile; fileRef = F4FD92822019104900F0DF29 /* TwitterClientTests.swift */; };
		F4FD929020191C2200F0DF29 /* LoginStoryboard.storyboard in Resources */ = {isa = PBXBuildFile; fileRef = F4FD928F20191C2200F0DF29 /* LoginStoryboard.storyboard */; };
		F4FD929120191C2200F0DF29 /* LoginStoryboard.storyboard in Resources */ = {isa = PBXBuildFile; fileRef = F4FD928F20191C2200F0DF29 /* LoginStoryboard.storyboard */; };
		F4FD92932019337F00F0DF29 /* LoginViewController.swift in Sources */ = {isa = PBXBuildFile; fileRef = F4FD92922019337F00F0DF29 /* LoginViewController.swift */; };
		F4FD92942019337F00F0DF29 /* LoginViewController.swift in Sources */ = {isa = PBXBuildFile; fileRef = F4FD92922019337F00F0DF29 /* LoginViewController.swift */; };
		F4FD92962019428000F0DF29 /* LoginPresenter.swift in Sources */ = {isa = PBXBuildFile; fileRef = F4FD92952019428000F0DF29 /* LoginPresenter.swift */; };
		F4FD92972019428000F0DF29 /* LoginPresenter.swift in Sources */ = {isa = PBXBuildFile; fileRef = F4FD92952019428000F0DF29 /* LoginPresenter.swift */; };
		F4FD92992019429F00F0DF29 /* LoginService.swift in Sources */ = {isa = PBXBuildFile; fileRef = F4FD92982019429F00F0DF29 /* LoginService.swift */; };
		F4FD929A2019429F00F0DF29 /* LoginService.swift in Sources */ = {isa = PBXBuildFile; fileRef = F4FD92982019429F00F0DF29 /* LoginService.swift */; };
/* End PBXBuildFile section */

/* Begin PBXContainerItemProxy section */
		F4FD927F2019104900F0DF29 /* PBXContainerItemProxy */ = {
			isa = PBXContainerItemProxy;
			containerPortal = F4FD92622019104800F0DF29 /* Project object */;
			proxyType = 1;
			remoteGlobalIDString = F4FD92692019104800F0DF29;
			remoteInfo = TwitterClient;
		};
/* End PBXContainerItemProxy section */

/* Begin PBXFileReference section */
		4ABA577F46CA7AAE4D56C5DB /* Pods-TwitterClient.release.xcconfig */ = {isa = PBXFileReference; includeInIndex = 1; lastKnownFileType = text.xcconfig; name = "Pods-TwitterClient.release.xcconfig"; path = "Pods/Target Support Files/Pods-TwitterClient/Pods-TwitterClient.release.xcconfig"; sourceTree = "<group>"; };
		53D05EE135E7DF8779FEF3BB /* Pods_TwitterClient.framework */ = {isa = PBXFileReference; explicitFileType = wrapper.framework; includeInIndex = 0; path = Pods_TwitterClient.framework; sourceTree = BUILT_PRODUCTS_DIR; };
		5E2D4F3D5A94E5CE5E555CAD /* Pods-TwitterClientTests.release.xcconfig */ = {isa = PBXFileReference; includeInIndex = 1; lastKnownFileType = text.xcconfig; name = "Pods-TwitterClientTests.release.xcconfig"; path = "Pods/Target Support Files/Pods-TwitterClientTests/Pods-TwitterClientTests.release.xcconfig"; sourceTree = "<group>"; };
		C04EAA8B1F3E7F062BE1BF11 /* Pods-TwitterClientTests.debug.xcconfig */ = {isa = PBXFileReference; includeInIndex = 1; lastKnownFileType = text.xcconfig; name = "Pods-TwitterClientTests.debug.xcconfig"; path = "Pods/Target Support Files/Pods-TwitterClientTests/Pods-TwitterClientTests.debug.xcconfig"; sourceTree = "<group>"; };
		DD92AE768EA115FDBF9BB4A1 /* Pods-TwitterClient.debug.xcconfig */ = {isa = PBXFileReference; includeInIndex = 1; lastKnownFileType = text.xcconfig; name = "Pods-TwitterClient.debug.xcconfig"; path = "Pods/Target Support Files/Pods-TwitterClient/Pods-TwitterClient.debug.xcconfig"; sourceTree = "<group>"; };
		F4040B012019E87600F92926 /* SafariServices.framework */ = {isa = PBXFileReference; lastKnownFileType = wrapper.framework; name = SafariServices.framework; path = System/Library/Frameworks/SafariServices.framework; sourceTree = SDKROOT; };
		F4040B03201A053800F92926 /* TwitterHandler.swift */ = {isa = PBXFileReference; lastKnownFileType = sourcecode.swift; path = TwitterHandler.swift; sourceTree = "<group>"; };
		F4040B08201A0C6000F92926 /* TwitterTabsViewController.swift */ = {isa = PBXFileReference; lastKnownFileType = sourcecode.swift; path = TwitterTabsViewController.swift; sourceTree = "<group>"; };
		F4040B0D201A100E00F92926 /* FollowersListViewController.swift */ = {isa = PBXFileReference; lastKnownFileType = sourcecode.swift; path = FollowersListViewController.swift; sourceTree = "<group>"; };
		F4040B11201A1ED700F92926 /* FollowersModel.swift */ = {isa = PBXFileReference; lastKnownFileType = sourcecode.swift; path = FollowersModel.swift; sourceTree = "<group>"; };
		F4040B14201A246800F92926 /* FollowersListModel.swift */ = {isa = PBXFileReference; lastKnownFileType = sourcecode.swift; path = FollowersListModel.swift; sourceTree = "<group>"; };
		F4040B17201A278800F92926 /* FollowersListPresenter.swift */ = {isa = PBXFileReference; lastKnownFileType = sourcecode.swift; path = FollowersListPresenter.swift; sourceTree = "<group>"; };
		F4040B1A201A279500F92926 /* FollowersListService.swift */ = {isa = PBXFileReference; lastKnownFileType = sourcecode.swift; path = FollowersListService.swift; sourceTree = "<group>"; };
		F4040B1D201A838F00F92926 /* FollowerTableViewCell.swift */ = {isa = PBXFileReference; lastKnownFileType = sourcecode.swift; path = FollowerTableViewCell.swift; sourceTree = "<group>"; };
		F44BB59E3D818C9C2C128345 /* Pods_TwitterClientTests.framework */ = {isa = PBXFileReference; explicitFileType = wrapper.framework; includeInIndex = 0; path = Pods_TwitterClientTests.framework; sourceTree = BUILT_PRODUCTS_DIR; };
		F4FD926A2019104800F0DF29 /* TwitterClient.app */ = {isa = PBXFileReference; explicitFileType = wrapper.application; includeInIndex = 0; path = TwitterClient.app; sourceTree = BUILT_PRODUCTS_DIR; };
		F4FD926D2019104800F0DF29 /* AppDelegate.swift */ = {isa = PBXFileReference; lastKnownFileType = sourcecode.swift; path = AppDelegate.swift; sourceTree = "<group>"; };
		F4FD92742019104800F0DF29 /* Assets.xcassets */ = {isa = PBXFileReference; lastKnownFileType = folder.assetcatalog; path = Assets.xcassets; sourceTree = "<group>"; };
		F4FD92772019104800F0DF29 /* Base */ = {isa = PBXFileReference; lastKnownFileType = file.storyboard; name = Base; path = Base.lproj/LaunchScreen.storyboard; sourceTree = "<group>"; };
		F4FD92792019104800F0DF29 /* Info.plist */ = {isa = PBXFileReference; lastKnownFileType = text.plist.xml; path = Info.plist; sourceTree = "<group>"; };
		F4FD927E2019104900F0DF29 /* TwitterClientTests.xctest */ = {isa = PBXFileReference; explicitFileType = wrapper.cfbundle; includeInIndex = 0; path = TwitterClientTests.xctest; sourceTree = BUILT_PRODUCTS_DIR; };
		F4FD92822019104900F0DF29 /* TwitterClientTests.swift */ = {isa = PBXFileReference; lastKnownFileType = sourcecode.swift; path = TwitterClientTests.swift; sourceTree = "<group>"; };
		F4FD92842019104900F0DF29 /* Info.plist */ = {isa = PBXFileReference; lastKnownFileType = text.plist.xml; path = Info.plist; sourceTree = "<group>"; };
		F4FD928F20191C2200F0DF29 /* LoginStoryboard.storyboard */ = {isa = PBXFileReference; lastKnownFileType = file.storyboard; path = LoginStoryboard.storyboard; sourceTree = "<group>"; };
		F4FD92922019337F00F0DF29 /* LoginViewController.swift */ = {isa = PBXFileReference; lastKnownFileType = sourcecode.swift; path = LoginViewController.swift; sourceTree = "<group>"; };
		F4FD92952019428000F0DF29 /* LoginPresenter.swift */ = {isa = PBXFileReference; lastKnownFileType = sourcecode.swift; path = LoginPresenter.swift; sourceTree = "<group>"; };
		F4FD92982019429F00F0DF29 /* LoginService.swift */ = {isa = PBXFileReference; lastKnownFileType = sourcecode.swift; path = LoginService.swift; sourceTree = "<group>"; };
/* End PBXFileReference section */

/* Begin PBXFrameworksBuildPhase section */
		F4FD92672019104800F0DF29 /* Frameworks */ = {
			isa = PBXFrameworksBuildPhase;
			buildActionMask = 2147483647;
			files = (
				F4040B022019E87600F92926 /* SafariServices.framework in Frameworks */,
				E78952F286B2B4B065563868 /* Pods_TwitterClient.framework in Frameworks */,
			);
			runOnlyForDeploymentPostprocessing = 0;
		};
		F4FD927B2019104900F0DF29 /* Frameworks */ = {
			isa = PBXFrameworksBuildPhase;
			buildActionMask = 2147483647;
			files = (
				8D802C9B72C0079CE43A2DDA /* Pods_TwitterClientTests.framework in Frameworks */,
			);
			runOnlyForDeploymentPostprocessing = 0;
		};
/* End PBXFrameworksBuildPhase section */

/* Begin PBXGroup section */
		48B32664610D33D5E833D01A /* Frameworks */ = {
			isa = PBXGroup;
			children = (
				F4040B012019E87600F92926 /* SafariServices.framework */,
				53D05EE135E7DF8779FEF3BB /* Pods_TwitterClient.framework */,
				F44BB59E3D818C9C2C128345 /* Pods_TwitterClientTests.framework */,
			);
			name = Frameworks;
			sourceTree = "<group>";
		};
		DDE6B729EBF7BFAC14518FAC /* Pods */ = {
			isa = PBXGroup;
			children = (
				DD92AE768EA115FDBF9BB4A1 /* Pods-TwitterClient.debug.xcconfig */,
				4ABA577F46CA7AAE4D56C5DB /* Pods-TwitterClient.release.xcconfig */,
				C04EAA8B1F3E7F062BE1BF11 /* Pods-TwitterClientTests.debug.xcconfig */,
				5E2D4F3D5A94E5CE5E555CAD /* Pods-TwitterClientTests.release.xcconfig */,
			);
			name = Pods;
			sourceTree = "<group>";
		};
		F4040B06201A0BFE00F92926 /* Tabs */ = {
			isa = PBXGroup;
			children = (
				F4040B08201A0C6000F92926 /* TwitterTabsViewController.swift */,
			);
			path = Tabs;
			sourceTree = "<group>";
		};
		F4040B0C201A0FF600F92926 /* Followers */ = {
			isa = PBXGroup;
			children = (
				F4040B0D201A100E00F92926 /* FollowersListViewController.swift */,
				F4040B17201A278800F92926 /* FollowersListPresenter.swift */,
				F4040B1A201A279500F92926 /* FollowersListService.swift */,
				F4040B11201A1ED700F92926 /* FollowersModel.swift */,
				F4040B14201A246800F92926 /* FollowersListModel.swift */,
				F4040B1D201A838F00F92926 /* FollowerTableViewCell.swift */,
			);
			path = Followers;
			sourceTree = "<group>";
		};
		F4040B10201A1A6300F92926 /* TwitterKitFiles */ = {
			isa = PBXGroup;
			children = (
				F4040B03201A053800F92926 /* TwitterHandler.swift */,
			);
			path = TwitterKitFiles;
			sourceTree = "<group>";
		};
		F4FD92612019104800F0DF29 = {
			isa = PBXGroup;
			children = (
				F4FD926C2019104800F0DF29 /* TwitterClient */,
				F4FD92812019104900F0DF29 /* TwitterClientTests */,
				F4FD926B2019104800F0DF29 /* Products */,
				DDE6B729EBF7BFAC14518FAC /* Pods */,
				48B32664610D33D5E833D01A /* Frameworks */,
			);
			sourceTree = "<group>";
		};
		F4FD926B2019104800F0DF29 /* Products */ = {
			isa = PBXGroup;
			children = (
				F4FD926A2019104800F0DF29 /* TwitterClient.app */,
				F4FD927E2019104900F0DF29 /* TwitterClientTests.xctest */,
			);
			name = Products;
			sourceTree = "<group>";
		};
		F4FD926C2019104800F0DF29 /* TwitterClient */ = {
			isa = PBXGroup;
			children = (
				F4FD928D20191C0000F0DF29 /* Features */,
				F4FD926D2019104800F0DF29 /* AppDelegate.swift */,
				F4FD92742019104800F0DF29 /* Assets.xcassets */,
				F4FD92762019104800F0DF29 /* LaunchScreen.storyboard */,
				F4FD92792019104800F0DF29 /* Info.plist */,
				F4040B10201A1A6300F92926 /* TwitterKitFiles */,
			);
			path = TwitterClient;
			sourceTree = "<group>";
		};
		F4FD92812019104900F0DF29 /* TwitterClientTests */ = {
			isa = PBXGroup;
			children = (
				F4FD92822019104900F0DF29 /* TwitterClientTests.swift */,
				F4FD92842019104900F0DF29 /* Info.plist */,
			);
			path = TwitterClientTests;
			sourceTree = "<group>";
		};
		F4FD928D20191C0000F0DF29 /* Features */ = {
			isa = PBXGroup;
			children = (
				F4040B0C201A0FF600F92926 /* Followers */,
				F4040B06201A0BFE00F92926 /* Tabs */,
				F4FD928E20191C0D00F0DF29 /* Login */,
			);
			path = Features;
			sourceTree = "<group>";
		};
		F4FD928E20191C0D00F0DF29 /* Login */ = {
			isa = PBXGroup;
			children = (
				F4FD928F20191C2200F0DF29 /* LoginStoryboard.storyboard */,
				F4FD92922019337F00F0DF29 /* LoginViewController.swift */,
				F4FD92952019428000F0DF29 /* LoginPresenter.swift */,
				F4FD92982019429F00F0DF29 /* LoginService.swift */,
			);
			path = Login;
			sourceTree = "<group>";
		};
/* End PBXGroup section */

/* Begin PBXNativeTarget section */
		F4FD92692019104800F0DF29 /* TwitterClient */ = {
			isa = PBXNativeTarget;
			buildConfigurationList = F4FD92872019104900F0DF29 /* Build configuration list for PBXNativeTarget "TwitterClient" */;
			buildPhases = (
				1A75D657F423BA8DDCA2AB85 /* [CP] Check Pods Manifest.lock */,
				F4FD92662019104800F0DF29 /* Sources */,
				F4FD92672019104800F0DF29 /* Frameworks */,
				F4FD92682019104800F0DF29 /* Resources */,
				09AD244733EDDF5E548FB1DC /* [CP] Embed Pods Frameworks */,
				9B9518FF82E2A0DB5D0C4AB3 /* [CP] Copy Pods Resources */,
			);
			buildRules = (
			);
			dependencies = (
			);
			name = TwitterClient;
			productName = TwitterClient;
			productReference = F4FD926A2019104800F0DF29 /* TwitterClient.app */;
			productType = "com.apple.product-type.application";
		};
		F4FD927D2019104900F0DF29 /* TwitterClientTests */ = {
			isa = PBXNativeTarget;
			buildConfigurationList = F4FD928A2019104900F0DF29 /* Build configuration list for PBXNativeTarget "TwitterClientTests" */;
			buildPhases = (
				00FE93A32AF488C2C5AD4F10 /* [CP] Check Pods Manifest.lock */,
				F4FD927A2019104900F0DF29 /* Sources */,
				F4FD927B2019104900F0DF29 /* Frameworks */,
				F4FD927C2019104900F0DF29 /* Resources */,
				7B81487F79D620663DEF81F4 /* [CP] Embed Pods Frameworks */,
				FD2F2C5D2260C92CA8E402C1 /* [CP] Copy Pods Resources */,
			);
			buildRules = (
			);
			dependencies = (
				F4FD92802019104900F0DF29 /* PBXTargetDependency */,
			);
			name = TwitterClientTests;
			productName = TwitterClientTests;
			productReference = F4FD927E2019104900F0DF29 /* TwitterClientTests.xctest */;
			productType = "com.apple.product-type.bundle.unit-test";
		};
/* End PBXNativeTarget section */

/* Begin PBXProject section */
		F4FD92622019104800F0DF29 /* Project object */ = {
			isa = PBXProject;
			attributes = {
				LastSwiftUpdateCheck = 0920;
				LastUpgradeCheck = 0920;
				ORGANIZATIONNAME = Eventtus;
				TargetAttributes = {
					F4FD92692019104800F0DF29 = {
						CreatedOnToolsVersion = 9.2;
						ProvisioningStyle = Automatic;
					};
					F4FD927D2019104900F0DF29 = {
						CreatedOnToolsVersion = 9.2;
						ProvisioningStyle = Automatic;
						TestTargetID = F4FD92692019104800F0DF29;
					};
				};
			};
			buildConfigurationList = F4FD92652019104800F0DF29 /* Build configuration list for PBXProject "TwitterClient" */;
			compatibilityVersion = "Xcode 8.0";
			developmentRegion = en;
			hasScannedForEncodings = 0;
			knownRegions = (
				en,
				Base,
			);
			mainGroup = F4FD92612019104800F0DF29;
			productRefGroup = F4FD926B2019104800F0DF29 /* Products */;
			projectDirPath = "";
			projectRoot = "";
			targets = (
				F4FD92692019104800F0DF29 /* TwitterClient */,
				F4FD927D2019104900F0DF29 /* TwitterClientTests */,
			);
		};
/* End PBXProject section */

/* Begin PBXResourcesBuildPhase section */
		F4FD92682019104800F0DF29 /* Resources */ = {
			isa = PBXResourcesBuildPhase;
			buildActionMask = 2147483647;
			files = (
				F4FD92782019104800F0DF29 /* LaunchScreen.storyboard in Resources */,
				F4FD92752019104800F0DF29 /* Assets.xcassets in Resources */,
				F4FD929020191C2200F0DF29 /* LoginStoryboard.storyboard in Resources */,
			);
			runOnlyForDeploymentPostprocessing = 0;
		};
		F4FD927C2019104900F0DF29 /* Resources */ = {
			isa = PBXResourcesBuildPhase;
			buildActionMask = 2147483647;
			files = (
				F4FD929120191C2200F0DF29 /* LoginStoryboard.storyboard in Resources */,
			);
			runOnlyForDeploymentPostprocessing = 0;
		};
/* End PBXResourcesBuildPhase section */

/* Begin PBXShellScriptBuildPhase section */
		00FE93A32AF488C2C5AD4F10 /* [CP] Check Pods Manifest.lock */ = {
			isa = PBXShellScriptBuildPhase;
			buildActionMask = 2147483647;
			files = (
			);
			inputPaths = (
			);
			name = "[CP] Check Pods Manifest.lock";
			outputPaths = (
			);
			runOnlyForDeploymentPostprocessing = 0;
			shellPath = /bin/sh;
			shellScript = "diff \"${PODS_ROOT}/../Podfile.lock\" \"${PODS_ROOT}/Manifest.lock\" > /dev/null\nif [ $? != 0 ] ; then\n    # print error to STDERR\n    echo \"error: The sandbox is not in sync with the Podfile.lock. Run 'pod install' or update your CocoaPods installation.\" >&2\n    exit 1\nfi\n";
			showEnvVarsInLog = 0;
		};
		09AD244733EDDF5E548FB1DC /* [CP] Embed Pods Frameworks */ = {
			isa = PBXShellScriptBuildPhase;
			buildActionMask = 2147483647;
			files = (
			);
			inputPaths = (
			);
			name = "[CP] Embed Pods Frameworks";
			outputPaths = (
			);
			runOnlyForDeploymentPostprocessing = 0;
			shellPath = /bin/sh;
			shellScript = "\"${SRCROOT}/Pods/Target Support Files/Pods-TwitterClient/Pods-TwitterClient-frameworks.sh\"\n";
			showEnvVarsInLog = 0;
		};
		1A75D657F423BA8DDCA2AB85 /* [CP] Check Pods Manifest.lock */ = {
			isa = PBXShellScriptBuildPhase;
			buildActionMask = 2147483647;
			files = (
			);
			inputPaths = (
			);
			name = "[CP] Check Pods Manifest.lock";
			outputPaths = (
			);
			runOnlyForDeploymentPostprocessing = 0;
			shellPath = /bin/sh;
			shellScript = "diff \"${PODS_ROOT}/../Podfile.lock\" \"${PODS_ROOT}/Manifest.lock\" > /dev/null\nif [ $? != 0 ] ; then\n    # print error to STDERR\n    echo \"error: The sandbox is not in sync with the Podfile.lock. Run 'pod install' or update your CocoaPods installation.\" >&2\n    exit 1\nfi\n";
			showEnvVarsInLog = 0;
		};
		7B81487F79D620663DEF81F4 /* [CP] Embed Pods Frameworks */ = {
			isa = PBXShellScriptBuildPhase;
			buildActionMask = 2147483647;
			files = (
			);
			inputPaths = (
			);
			name = "[CP] Embed Pods Frameworks";
			outputPaths = (
			);
			runOnlyForDeploymentPostprocessing = 0;
			shellPath = /bin/sh;
			shellScript = "\"${SRCROOT}/Pods/Target Support Files/Pods-TwitterClientTests/Pods-TwitterClientTests-frameworks.sh\"\n";
			showEnvVarsInLog = 0;
		};
		9B9518FF82E2A0DB5D0C4AB3 /* [CP] Copy Pods Resources */ = {
			isa = PBXShellScriptBuildPhase;
			buildActionMask = 2147483647;
			files = (
			);
			inputPaths = (
			);
			name = "[CP] Copy Pods Resources";
			outputPaths = (
			);
			runOnlyForDeploymentPostprocessing = 0;
			shellPath = /bin/sh;
			shellScript = "\"${SRCROOT}/Pods/Target Support Files/Pods-TwitterClient/Pods-TwitterClient-resources.sh\"\n";
			showEnvVarsInLog = 0;
		};
		FD2F2C5D2260C92CA8E402C1 /* [CP] Copy Pods Resources */ = {
			isa = PBXShellScriptBuildPhase;
			buildActionMask = 2147483647;
			files = (
			);
			inputPaths = (
			);
			name = "[CP] Copy Pods Resources";
			outputPaths = (
			);
			runOnlyForDeploymentPostprocessing = 0;
			shellPath = /bin/sh;
			shellScript = "\"${SRCROOT}/Pods/Target Support Files/Pods-TwitterClientTests/Pods-TwitterClientTests-resources.sh\"\n";
			showEnvVarsInLog = 0;
		};
/* End PBXShellScriptBuildPhase section */

/* Begin PBXSourcesBuildPhase section */
		F4FD92662019104800F0DF29 /* Sources */ = {
			isa = PBXSourcesBuildPhase;
			buildActionMask = 2147483647;
			files = (
				F4040B04201A053800F92926 /* TwitterHandler.swift in Sources */,
				F4040B12201A1ED700F92926 /* FollowersModel.swift in Sources */,
				F4FD92962019428000F0DF29 /* LoginPresenter.swift in Sources */,
				F4FD92932019337F00F0DF29 /* LoginViewController.swift in Sources */,
				F4040B1B201A279500F92926 /* FollowersListService.swift in Sources */,
				F4040B0E201A100E00F92926 /* FollowersListViewController.swift in Sources */,
				F4FD92992019429F00F0DF29 /* LoginService.swift in Sources */,
				F4040B15201A246800F92926 /* FollowersListModel.swift in Sources */,
				F4040B09201A0C6000F92926 /* TwitterTabsViewController.swift in Sources */,
				F4040B18201A278800F92926 /* FollowersListPresenter.swift in Sources */,
				F4FD926E2019104800F0DF29 /* AppDelegate.swift in Sources */,
				F4040B1E201A838F00F92926 /* FollowerTableViewCell.swift in Sources */,
			);
			runOnlyForDeploymentPostprocessing = 0;
		};
		F4FD927A2019104900F0DF29 /* Sources */ = {
			isa = PBXSourcesBuildPhase;
			buildActionMask = 2147483647;
			files = (
				F4040B05201A053800F92926 /* TwitterHandler.swift in Sources */,
				F4040B13201A1ED700F92926 /* FollowersModel.swift in Sources */,
				F4FD92972019428000F0DF29 /* LoginPresenter.swift in Sources */,
				F4FD92942019337F00F0DF29 /* LoginViewController.swift in Sources */,
				F4040B1C201A279500F92926 /* FollowersListService.swift in Sources */,
				F4040B0F201A100E00F92926 /* FollowersListViewController.swift in Sources */,
				F4FD92832019104900F0DF29 /* TwitterClientTests.swift in Sources */,
				F4040B16201A246800F92926 /* FollowersListModel.swift in Sources */,
				F4040B0A201A0C6000F92926 /* TwitterTabsViewController.swift in Sources */,
				F4040B19201A278800F92926 /* FollowersListPresenter.swift in Sources */,
				F4FD929A2019429F00F0DF29 /* LoginService.swift in Sources */,
				F4040B1F201A838F00F92926 /* FollowerTableViewCell.swift in Sources */,
			);
			runOnlyForDeploymentPostprocessing = 0;
		};
/* End PBXSourcesBuildPhase section */

/* Begin PBXTargetDependency section */
		F4FD92802019104900F0DF29 /* PBXTargetDependency */ = {
			isa = PBXTargetDependency;
			target = F4FD92692019104800F0DF29 /* TwitterClient */;
			targetProxy = F4FD927F2019104900F0DF29 /* PBXContainerItemProxy */;
		};
/* End PBXTargetDependency section */

/* Begin PBXVariantGroup section */
		F4FD92762019104800F0DF29 /* LaunchScreen.storyboard */ = {
			isa = PBXVariantGroup;
			children = (
				F4FD92772019104800F0DF29 /* Base */,
			);
			name = LaunchScreen.storyboard;
			sourceTree = "<group>";
		};
/* End PBXVariantGroup section */

/* Begin XCBuildConfiguration section */
		F4FD92852019104900F0DF29 /* Debug */ = {
			isa = XCBuildConfiguration;
			buildSettings = {
				ALWAYS_SEARCH_USER_PATHS = NO;
				CLANG_ANALYZER_NONNULL = YES;
				CLANG_ANALYZER_NUMBER_OBJECT_CONVERSION = YES_AGGRESSIVE;
				CLANG_CXX_LANGUAGE_STANDARD = "gnu++14";
				CLANG_CXX_LIBRARY = "libc++";
				CLANG_ENABLE_MODULES = YES;
				CLANG_ENABLE_OBJC_ARC = YES;
				CLANG_WARN_BLOCK_CAPTURE_AUTORELEASING = YES;
				CLANG_WARN_BOOL_CONVERSION = YES;
				CLANG_WARN_COMMA = YES;
				CLANG_WARN_CONSTANT_CONVERSION = YES;
				CLANG_WARN_DIRECT_OBJC_ISA_USAGE = YES_ERROR;
				CLANG_WARN_DOCUMENTATION_COMMENTS = YES;
				CLANG_WARN_EMPTY_BODY = YES;
				CLANG_WARN_ENUM_CONVERSION = YES;
				CLANG_WARN_INFINITE_RECURSION = YES;
				CLANG_WARN_INT_CONVERSION = YES;
				CLANG_WARN_NON_LITERAL_NULL_CONVERSION = YES;
				CLANG_WARN_OBJC_LITERAL_CONVERSION = YES;
				CLANG_WARN_OBJC_ROOT_CLASS = YES_ERROR;
				CLANG_WARN_RANGE_LOOP_ANALYSIS = YES;
				CLANG_WARN_STRICT_PROTOTYPES = YES;
				CLANG_WARN_SUSPICIOUS_MOVE = YES;
				CLANG_WARN_UNGUARDED_AVAILABILITY = YES_AGGRESSIVE;
				CLANG_WARN_UNREACHABLE_CODE = YES;
				CLANG_WARN__DUPLICATE_METHOD_MATCH = YES;
				CODE_SIGN_IDENTITY = "iPhone Developer";
				COPY_PHASE_STRIP = NO;
				DEBUG_INFORMATION_FORMAT = dwarf;
				ENABLE_STRICT_OBJC_MSGSEND = YES;
				ENABLE_TESTABILITY = YES;
				GCC_C_LANGUAGE_STANDARD = gnu11;
				GCC_DYNAMIC_NO_PIC = NO;
				GCC_NO_COMMON_BLOCKS = YES;
				GCC_OPTIMIZATION_LEVEL = 0;
				GCC_PREPROCESSOR_DEFINITIONS = (
					"DEBUG=1",
					"$(inherited)",
				);
				GCC_WARN_64_TO_32_BIT_CONVERSION = YES;
				GCC_WARN_ABOUT_RETURN_TYPE = YES_ERROR;
				GCC_WARN_UNDECLARED_SELECTOR = YES;
				GCC_WARN_UNINITIALIZED_AUTOS = YES_AGGRESSIVE;
				GCC_WARN_UNUSED_FUNCTION = YES;
				GCC_WARN_UNUSED_VARIABLE = YES;
				IPHONEOS_DEPLOYMENT_TARGET = 11.2;
				MTL_ENABLE_DEBUG_INFO = YES;
				ONLY_ACTIVE_ARCH = YES;
				SDKROOT = iphoneos;
				SWIFT_ACTIVE_COMPILATION_CONDITIONS = DEBUG;
				SWIFT_OPTIMIZATION_LEVEL = "-Onone";
			};
			name = Debug;
		};
		F4FD92862019104900F0DF29 /* Release */ = {
			isa = XCBuildConfiguration;
			buildSettings = {
				ALWAYS_SEARCH_USER_PATHS = NO;
				CLANG_ANALYZER_NONNULL = YES;
				CLANG_ANALYZER_NUMBER_OBJECT_CONVERSION = YES_AGGRESSIVE;
				CLANG_CXX_LANGUAGE_STANDARD = "gnu++14";
				CLANG_CXX_LIBRARY = "libc++";
				CLANG_ENABLE_MODULES = YES;
				CLANG_ENABLE_OBJC_ARC = YES;
				CLANG_WARN_BLOCK_CAPTURE_AUTORELEASING = YES;
				CLANG_WARN_BOOL_CONVERSION = YES;
				CLANG_WARN_COMMA = YES;
				CLANG_WARN_CONSTANT_CONVERSION = YES;
				CLANG_WARN_DIRECT_OBJC_ISA_USAGE = YES_ERROR;
				CLANG_WARN_DOCUMENTATION_COMMENTS = YES;
				CLANG_WARN_EMPTY_BODY = YES;
				CLANG_WARN_ENUM_CONVERSION = YES;
				CLANG_WARN_INFINITE_RECURSION = YES;
				CLANG_WARN_INT_CONVERSION = YES;
				CLANG_WARN_NON_LITERAL_NULL_CONVERSION = YES;
				CLANG_WARN_OBJC_LITERAL_CONVERSION = YES;
				CLANG_WARN_OBJC_ROOT_CLASS = YES_ERROR;
				CLANG_WARN_RANGE_LOOP_ANALYSIS = YES;
				CLANG_WARN_STRICT_PROTOTYPES = YES;
				CLANG_WARN_SUSPICIOUS_MOVE = YES;
				CLANG_WARN_UNGUARDED_AVAILABILITY = YES_AGGRESSIVE;
				CLANG_WARN_UNREACHABLE_CODE = YES;
				CLANG_WARN__DUPLICATE_METHOD_MATCH = YES;
				CODE_SIGN_IDENTITY = "iPhone Developer";
				COPY_PHASE_STRIP = NO;
				DEBUG_INFORMATION_FORMAT = "dwarf-with-dsym";
				ENABLE_NS_ASSERTIONS = NO;
				ENABLE_STRICT_OBJC_MSGSEND = YES;
				GCC_C_LANGUAGE_STANDARD = gnu11;
				GCC_NO_COMMON_BLOCKS = YES;
				GCC_WARN_64_TO_32_BIT_CONVERSION = YES;
				GCC_WARN_ABOUT_RETURN_TYPE = YES_ERROR;
				GCC_WARN_UNDECLARED_SELECTOR = YES;
				GCC_WARN_UNINITIALIZED_AUTOS = YES_AGGRESSIVE;
				GCC_WARN_UNUSED_FUNCTION = YES;
				GCC_WARN_UNUSED_VARIABLE = YES;
				IPHONEOS_DEPLOYMENT_TARGET = 11.2;
				MTL_ENABLE_DEBUG_INFO = NO;
				SDKROOT = iphoneos;
				SWIFT_OPTIMIZATION_LEVEL = "-Owholemodule";
				VALIDATE_PRODUCT = YES;
			};
			name = Release;
		};
		F4FD92882019104900F0DF29 /* Debug */ = {
			isa = XCBuildConfiguration;
			baseConfigurationReference = DD92AE768EA115FDBF9BB4A1 /* Pods-TwitterClient.debug.xcconfig */;
			buildSettings = {
				ASSETCATALOG_COMPILER_APPICON_NAME = AppIcon;
				CODE_SIGN_STYLE = Automatic;
				INFOPLIST_FILE = TwitterClient/Info.plist;
				IPHONEOS_DEPLOYMENT_TARGET = 10.0;
				LD_RUNPATH_SEARCH_PATHS = "$(inherited) @executable_path/Frameworks";
				PRODUCT_BUNDLE_IDENTIFIER = com.eventtus.twitterClient.TwitterClient;
				PRODUCT_NAME = "$(TARGET_NAME)";
				SWIFT_VERSION = 4.0;
				TARGETED_DEVICE_FAMILY = 1;
			};
			name = Debug;
		};
		F4FD92892019104900F0DF29 /* Release */ = {
			isa = XCBuildConfiguration;
			baseConfigurationReference = 4ABA577F46CA7AAE4D56C5DB /* Pods-TwitterClient.release.xcconfig */;
			buildSettings = {
				ASSETCATALOG_COMPILER_APPICON_NAME = AppIcon;
				CODE_SIGN_STYLE = Automatic;
				INFOPLIST_FILE = TwitterClient/Info.plist;
				IPHONEOS_DEPLOYMENT_TARGET = 10.0;
				LD_RUNPATH_SEARCH_PATHS = "$(inherited) @executable_path/Frameworks";
				PRODUCT_BUNDLE_IDENTIFIER = com.eventtus.twitterClient.TwitterClient;
				PRODUCT_NAME = "$(TARGET_NAME)";
				SWIFT_VERSION = 4.0;
				TARGETED_DEVICE_FAMILY = 1;
			};
			name = Release;
		};
		F4FD928B2019104900F0DF29 /* Debug */ = {
			isa = XCBuildConfiguration;
			baseConfigurationReference = C04EAA8B1F3E7F062BE1BF11 /* Pods-TwitterClientTests.debug.xcconfig */;
			buildSettings = {
				ALWAYS_EMBED_SWIFT_STANDARD_LIBRARIES = YES;
				BUNDLE_LOADER = "$(TEST_HOST)";
				CODE_SIGN_STYLE = Automatic;
				INFOPLIST_FILE = TwitterClientTests/Info.plist;
				LD_RUNPATH_SEARCH_PATHS = "$(inherited) @executable_path/Frameworks @loader_path/Frameworks";
				PRODUCT_BUNDLE_IDENTIFIER = com.eventtus.twitterClient.TwitterClientTests;
				PRODUCT_NAME = "$(TARGET_NAME)";
				SWIFT_VERSION = 4.0;
				TARGETED_DEVICE_FAMILY = "1,2";
				TEST_HOST = "$(BUILT_PRODUCTS_DIR)/TwitterClient.app/TwitterClient";
			};
			name = Debug;
		};
		F4FD928C2019104900F0DF29 /* Release */ = {
			isa = XCBuildConfiguration;
			baseConfigurationReference = 5E2D4F3D5A94E5CE5E555CAD /* Pods-TwitterClientTests.release.xcconfig */;
			buildSettings = {
				ALWAYS_EMBED_SWIFT_STANDARD_LIBRARIES = YES;
				BUNDLE_LOADER = "$(TEST_HOST)";
				CODE_SIGN_STYLE = Automatic;
				INFOPLIST_FILE = TwitterClientTests/Info.plist;
				LD_RUNPATH_SEARCH_PATHS = "$(inherited) @executable_path/Frameworks @loader_path/Frameworks";
				PRODUCT_BUNDLE_IDENTIFIER = com.eventtus.twitterClient.TwitterClientTests;
				PRODUCT_NAME = "$(TARGET_NAME)";
				SWIFT_VERSION = 4.0;
				TARGETED_DEVICE_FAMILY = "1,2";
				TEST_HOST = "$(BUILT_PRODUCTS_DIR)/TwitterClient.app/TwitterClient";
			};
			name = Release;
		};
/* End XCBuildConfiguration section */

/* Begin XCConfigurationList section */
		F4FD92652019104800F0DF29 /* Build configuration list for PBXProject "TwitterClient" */ = {
			isa = XCConfigurationList;
			buildConfigurations = (
				F4FD92852019104900F0DF29 /* Debug */,
				F4FD92862019104900F0DF29 /* Release */,
			);
			defaultConfigurationIsVisible = 0;
			defaultConfigurationName = Release;
		};
		F4FD92872019104900F0DF29 /* Build configuration list for PBXNativeTarget "TwitterClient" */ = {
			isa = XCConfigurationList;
			buildConfigurations = (
				F4FD92882019104900F0DF29 /* Debug */,
				F4FD92892019104900F0DF29 /* Release */,
			);
			defaultConfigurationIsVisible = 0;
			defaultConfigurationName = Release;
		};
		F4FD928A2019104900F0DF29 /* Build configuration list for PBXNativeTarget "TwitterClientTests" */ = {
			isa = XCConfigurationList;
			buildConfigurations = (
				F4FD928B2019104900F0DF29 /* Debug */,
				F4FD928C2019104900F0DF29 /* Release */,
			);
			defaultConfigurationIsVisible = 0;
			defaultConfigurationName = Release;
		};
/* End XCConfigurationList section */
	};
	rootObject = F4FD92622019104800F0DF29 /* Project object */;
}
