PODS:
  - BFKit-Swift (3.1.0)
  - Kingfisher (4.6.1)
  - ObjectMapper (3.1.0)
  - TwitterCore (3.1.0)
  - TwitterKit (3.3.0):
    - TwitterCore (>= 3.1.0)
  - XLPagerTabStrip (8.0.0)

DEPENDENCIES:
  - BFKit-Swift
  - Kingfisher (~> 4.0)
  - ObjectMapper
  - TwitterKit (~> 3.0)
  - XLPagerTabStrip (~> 8.0)

SPEC CHECKSUMS:
  BFKit-Swift: 3600fed6f0a1847e88b398e8be220daf480dfd39
  Kingfisher: 1f9157d9c02b380cbd0b7cc890161195164eb634
  ObjectMapper: 20505058f54e5c3ca69e1d6de9897d152a5369a6
  TwitterCore: 644d59e75abccb26cf0a9050d2c4dea0e5412241
  TwitterKit: a2e60ddcedbf54091eac6f27685ca7a87681e1d7
  XLPagerTabStrip: d1ab378af0923320ec0b5eab11d7b2f803d31261

PODFILE CHECKSUM: a3816f6e87c514966a5666f69510f233841e7d68

COCOAPODS: 1.2.0.beta.1
